<?xml version="1.0" encoding="UTF-8"?>
<CONFIG>
  <ProjectOptions>
    <Version Value="11"/>
    <PathDelim Value="\"/>
    <General>
      <Flags>
        <MainUnitHasUsesSectionForAllUnits Value="False"/>
        <MainUnitHasCreateFormStatements Value="False"/>
        <MainUnitHasTitleStatement Value="False"/>
      </Flags>
      <SessionStorage Value="InProjectDir"/>
      <MainUnit Value="0"/>
      <Title Value="Matrix4x4"/>
      <UseAppBundle Value="False"/>
      <ResourceType Value="res"/>
    </General>
    <i18n>
      <EnableI18N LFM="False"/>
    </i18n>
    <BuildModes Count="1">
      <Item1 Name="Default" Default="True"/>
    </BuildModes>
    <PublishOptions>
      <Version Value="2"/>
    </PublishOptions>
    <RunParams>
      <FormatVersion Value="2"/>
      <Modes Count="1">
        <Mode0 Name="default"/>
      </Modes>
    </RunParams>
    <RequiredPackages Count="2">
      <Item1>
        <PackageName Value="LazControls"/>
      </Item1>
      <Item2>
        <PackageName Value="LCL"/>
      </Item2>
    </RequiredPackages>
    <Units Count="45">
      <Unit0>
        <Filename Value="Matrix3x3.lpr"/>
        <IsPartOfProject Value="True"/>
      </Unit0>
      <Unit1>
        <Filename Value="uform.pas"/>
        <IsPartOfProject Value="True"/>
        <ComponentName Value="Form1"/>
        <HasResources Value="True"/>
        <ResourceBaseClass Value="Form"/>
      </Unit1>
      <Unit2>
        <Filename Value="..\Graphik\uMatrizen.pas"/>
        <IsPartOfProject Value="True"/>
      </Unit2>
      <Unit3>
        <Filename Value="..\Graphik\uKamObjektiv.pas"/>
        <IsPartOfProject Value="True"/>
      </Unit3>
      <Unit4>
        <Filename Value="..\Graphik\uRenderer.pas"/>
        <IsPartOfProject Value="True"/>
      </Unit4>
      <Unit5>
        <Filename Value="..\Graphik\uBeleuchtung.pas"/>
        <IsPartOfProject Value="True"/>
      </Unit5>
      <Unit6>
        <Filename Value="..\ADTs\uDatei.pas"/>
        <IsPartOfProject Value="True"/>
      </Unit6>
      <Unit7>
        <Filename Value="..\ADTs\uFolge.pas"/>
        <IsPartOfProject Value="True"/>
      </Unit7>
      <Unit8>
        <Filename Value="..\ADTs\uElement.pas"/>
        <IsPartOfProject Value="True"/>
      </Unit8>
      <Unit9>
        <Filename Value="uAnimation.pas"/>
        <IsPartOfProject Value="True"/>
      </Unit9>
      <Unit10>
        <Filename Value="uobjekt2.pas"/>
        <IsPartOfProject Value="True"/>
      </Unit10>
      <Unit11>
        <Filename Value="..\Turtle\uTurtle.pas"/>
        <IsPartOfProject Value="True"/>
      </Unit11>
      <Unit12>
        <Filename Value="UNeu.lfm"/>
        <IsPartOfProject Value="True"/>
        <ComponentName Value="Form1"/>
        <HasResources Value="True"/>
        <ResourceBaseClass Value="Form"/>
      </Unit12>
      <Unit13>
        <Filename Value="AMatrix.pas"/>
        <IsPartOfProject Value="True"/>
        <ComponentName Value="Form2"/>
        <HasResources Value="True"/>
        <ResourceBaseClass Value="Form"/>
      </Unit13>
      <Unit14>
        <Filename Value="MMatrix.pas"/>
        <IsPartOfProject Value="True"/>
        <ComponentName Value="Form3"/>
        <HasResources Value="True"/>
        <ResourceBaseClass Value="Form"/>
      </Unit14>
      <Unit15>
        <Filename Value="Rotation.pas"/>
        <IsPartOfProject Value="True"/>
        <ComponentName Value="Form4"/>
        <HasResources Value="True"/>
        <ResourceBaseClass Value="Form"/>
      </Unit15>
      <Unit16>
        <Filename Value="Umrechnung.pas"/>
        <IsPartOfProject Value="True"/>
        <ComponentName Value="Form5"/>
        <HasResources Value="True"/>
        <ResourceBaseClass Value="Form"/>
      </Unit16>
      <Unit17>
        <Filename Value="Umrechnung2.pas"/>
        <IsPartOfProject Value="True"/>
        <ComponentName Value="Form6"/>
        <HasResources Value="True"/>
        <ResourceBaseClass Value="Form"/>
      </Unit17>
      <Unit18>
        <Filename Value="Streckung.pas"/>
        <IsPartOfProject Value="True"/>
        <ComponentName Value="Form7"/>
        <HasResources Value="True"/>
        <ResourceBaseClass Value="Form"/>
      </Unit18>
      <Unit19>
        <Filename Value="Verschiebung.pas"/>
        <IsPartOfProject Value="True"/>
        <ComponentName Value="Form8"/>
        <HasResources Value="True"/>
        <ResourceBaseClass Value="Form"/>
      </Unit19>
      <Unit20>
        <Filename Value="Scherung.pas"/>
        <IsPartOfProject Value="True"/>
        <ComponentName Value="Form9"/>
        <HasResources Value="True"/>
        <ResourceBaseClass Value="Form"/>
      </Unit20>
      <Unit21>
        <Filename Value="Formulare\AMatrix.lfm"/>
        <IsPartOfProject Value="True"/>
      </Unit21>
      <Unit22>
        <Filename Value="Formulare\Verschiebung.lfm"/>
        <IsPartOfProject Value="True"/>
      </Unit22>
      <Unit23>
        <Filename Value="Formulare\MMatrix.lfm"/>
        <IsPartOfProject Value="True"/>
      </Unit23>
      <Unit24>
        <Filename Value="Formulare\Rotation.lfm"/>
        <IsPartOfProject Value="True"/>
      </Unit24>
      <Unit25>
        <Filename Value="Formulare\Scherung.lfm"/>
        <IsPartOfProject Value="True"/>
      </Unit25>
      <Unit26>
        <Filename Value="Formulare\Streckung.lfm"/>
        <IsPartOfProject Value="True"/>
      </Unit26>
      <Unit27>
        <Filename Value="Formulare\Umrechnung.lfm"/>
        <IsPartOfProject Value="True"/>
      </Unit27>
      <Unit28>
        <Filename Value="Formulare\Umrechnung2.lfm"/>
        <IsPartOfProject Value="True"/>
      </Unit28>
      <Unit29>
        <Filename Value="Formulare\UNeu.lfm"/>
        <IsPartOfProject Value="True"/>
      </Unit29>
      <Unit30>
        <Filename Value="..\Turtle\turtle.pas"/>
        <IsPartOfProject Value="True"/>
      </Unit30>
      <Unit31>
        <Filename Value="..\Turtle\ugrammatik.pas"/>
        <IsPartOfProject Value="True"/>
        <UnitName Value="uGrammatik"/>
      </Unit31>
      <Unit32>
        <Filename Value="..\Turtle\ustringentwickler.pas"/>
        <IsPartOfProject Value="True"/>
        <UnitName Value="uStringEntwickler"/>
      </Unit32>
      <Unit33>
        <Filename Value="Formulare\ueditor_grammatiken.pas"/>
        <IsPartOfProject Value="True"/>
        <ComponentName Value="Form10"/>
        <HasResources Value="True"/>
        <ResourceBaseClass Value="Form"/>
        <UnitName Value="uEditor_Grammatiken"/>
      </Unit33>
      <Unit34>
        <Filename Value="..\Turtle\uzeichnergruenesblatt.pas"/>
        <IsPartOfProject Value="True"/>
        <UnitName Value="uZeichnerGruenesBlatt"/>
      </Unit34>
      <Unit35>
        <Filename Value="..\Turtle\uturtlemanager.pas"/>
        <IsPartOfProject Value="True"/>
        <UnitName Value="uTurtleManager"/>
      </Unit35>
      <Unit36>
        <Filename Value="..\Turtle\uzeichnerbase.pas"/>
        <IsPartOfProject Value="True"/>
        <UnitName Value="uZeichnerBase"/>
      </Unit36>
      <Unit37>
        <Filename Value="Formulare\ugrammatiken.lfm"/>
        <IsPartOfProject Value="True"/>
      </Unit37>
      <Unit38>
        <Filename Value="Formulare\ugrammatiken.pas"/>
        <IsPartOfProject Value="True"/>
        <ComponentName Value="uGrammatiken"/>
        <HasResources Value="True"/>
        <ResourceBaseClass Value="Form"/>
        <UnitName Value="UGrammatiken"/>
      </Unit38>
      <Unit39>
        <Filename Value="..\Turtle\uzeichnerinit.pas"/>
        <IsPartOfProject Value="True"/>
        <UnitName Value="uZeichnerInit"/>
      </Unit39>
      <Unit40>
        <Filename Value="Formulare\uparameter_form.pas"/>
        <IsPartOfProject Value="True"/>
        <ComponentName Value="Parameter_Form"/>
        <HasResources Value="True"/>
        <ResourceBaseClass Value="Form"/>
      </Unit40>
      <Unit41>
        <Filename Value="Formulare\uoptionen_form.pas"/>
        <IsPartOfProject Value="True"/>
        <ComponentName Value="TOptionen"/>
        <HasResources Value="True"/>
        <ResourceBaseClass Value="Form"/>
        <UnitName Value="uOptionen_form"/>
      </Unit41>
      <Unit42>
        <Filename Value="Formulare\uoptionen_form.lfm"/>
        <IsPartOfProject Value="True"/>
      </Unit42>
      <Unit43>
        <Filename Value="..\Turtle\uzeichnerschrittlaenge.pas"/>
        <IsPartOfProject Value="True"/>
        <UnitName Value="uzeichnerSchrittlaenge"/>
      </Unit43>
      <Unit44>
        <Filename Value="..\Turtle\uzeichnerfarbenundschrittlaenge.pas"/>
        <IsPartOfProject Value="True"/>
      </Unit44>
    </Units>
  </ProjectOptions>
  <CompilerOptions>
    <Version Value="11"/>
    <PathDelim Value="\"/>
    <Target>
      <Filename Value="..\Abbildungen"/>
    </Target>
    <SearchPaths>
      <IncludeFiles Value="..\Graphik;..\ADTs;$(ProjOutDir);..\Turtle"/>
      <OtherUnitFiles Value="..\Graphik;..\Terme;Formulare;..\Turtle"/>
      <UnitOutputDirectory Value="..\KompilerteUnits"/>
    </SearchPaths>
    <Parsing>
      <SyntaxOptions>
        <SyntaxMode Value="Delphi"/>
      </SyntaxOptions>
    </Parsing>
    <Linking>
      <LinkSmart Value="True"/>
      <Options>
        <Win32>
          <GraphicApplication Value="True"/>
        </Win32>
      </Options>
    </Linking>
  </CompilerOptions>
  <Debugging>
    <Exceptions Count="3">
      <Item1>
        <Name Value="EAbort"/>
      </Item1>
      <Item2>
        <Name Value="ECodetoolError"/>
      </Item2>
      <Item3>
        <Name Value="EFOpenError"/>
      </Item3>
    </Exceptions>
  </Debugging>
</CONFIG>
